
Microsoft Visual Studio Solution File, Format Version 12.00
# Visual Studio Version 17
VisualStudioVersion = 17.9.34728.123
MinimumVisualStudioVersion = 10.0.40219.1
Project("{FAE04EC0-301F-11D3-BF4B-00C04F79EFBC}") = "Mediax.Core", "Mediax.Core\Mediax.Core.csproj", "{3A112EBD-E3DD-4381-8115-69E34F112D96}"
EndProject
Project("{FAE04EC0-301F-11D3-BF4B-00C04F79EFBC}") = "Mediax.Dal", "Mediax.Dal\Mediax.Dal.csproj", "{33B44ECC-D779-4C78-B151-83E97C8C5FA0}"
EndProject
Project("{FAE04EC0-301F-11D3-BF4B-00C04F79EFBC}") = "Mediax.BL", "Mediax.BL\Mediax.BL.csproj", "{A722DA0A-6214-414A-BFA5-F4B769A813C3}"
EndProject
Project("{FAE04EC0-301F-11D3-BF4B-00C04F79EFBC}") = "Mediax.MVC", "Mediax.MVC\Mediax.MVC.csproj", "{D1728401-68C4-416C-93BC-B9435CF1B361}"
EndProject
Global
	GlobalSection(SolutionConfigurationPlatforms) = preSolution
		Debug|Any CPU = Debug|Any CPU
		Release|Any CPU = Release|Any CPU
	EndGlobalSection
	GlobalSection(ProjectConfigurationPlatforms) = postSolution
		{3A112EBD-E3DD-4381-8115-69E34F112D96}.Debug|Any CPU.ActiveCfg = Debug|Any CPU
		{3A112EBD-E3DD-4381-8115-69E34F112D96}.Debug|Any CPU.Build.0 = Debug|Any CPU
		{3A112EBD-E3DD-4381-8115-69E34F112D96}.Release|Any CPU.ActiveCfg = Release|Any CPU
		{3A112EBD-E3DD-4381-8115-69E34F112D96}.Release|Any CPU.Build.0 = Release|Any CPU
		{33B44ECC-D779-4C78-B151-83E97C8C5FA0}.Debug|Any CPU.ActiveCfg = Debug|Any CPU
		{33B44ECC-D779-4C78-B151-83E97C8C5FA0}.Debug|Any CPU.Build.0 = Debug|Any CPU
		{33B44ECC-D779-4C78-B151-83E97C8C5FA0}.Release|Any CPU.ActiveCfg = Release|Any CPU
		{33B44ECC-D779-4C78-B151-83E97C8C5FA0}.Release|Any CPU.Build.0 = Release|Any CPU
		{A722DA0A-6214-414A-BFA5-F4B769A813C3}.Debug|Any CPU.ActiveCfg = Debug|Any CPU
		{A722DA0A-6214-414A-BFA5-F4B769A813C3}.Debug|Any CPU.Build.0 = Debug|Any CPU
		{A722DA0A-6214-414A-BFA5-F4B769A813C3}.Release|Any CPU.ActiveCfg = Release|Any CPU
		{A722DA0A-6214-414A-BFA5-F4B769A813C3}.Release|Any CPU.Build.0 = Release|Any CPU
		{D1728401-68C4-416C-93BC-B9435CF1B361}.Debug|Any CPU.ActiveCfg = Debug|Any CPU
		{D1728401-68C4-416C-93BC-B9435CF1B361}.Debug|Any CPU.Build.0 = Debug|Any CPU
		{D1728401-68C4-416C-93BC-B9435CF1B361}.Release|Any CPU.ActiveCfg = Release|Any CPU
		{D1728401-68C4-416C-93BC-B9435CF1B361}.Release|Any CPU.Build.0 = Release|Any CPU
	EndGlobalSection
	GlobalSection(SolutionProperties) = preSolution
		HideSolutionNode = FALSE
	EndGlobalSection
	GlobalSection(ExtensibilityGlobals) = postSolution
		SolutionGuid = {9669987C-8BF7-43F1-860A-221ADB673194}
	EndGlobalSection
EndGlobal
